
Microsoft Visual Studio Solution File, Format Version 12.00
# Visual Studio Version 17
VisualStudioVersion = 17.4.33103.184
MinimumVisualStudioVersion = 10.0.40219.1
Project("{9A19103F-16F7-4668-BE54-9A1E7A4F7556}") = "tracing-with-otel-api", "tracing-with-otel-api.csproj", "{189191FE-BD90-4373-8D95-EE88488BB0BA}"
EndProject
Global
	GlobalSection(SolutionConfigurationPlatforms) = preSolution
		Debug|Any CPU = Debug|Any CPU
		Release|Any CPU = Release|Any CPU
	EndGlobalSection
	GlobalSection(ProjectConfigurationPlatforms) = postSolution
		{189191FE-BD90-4373-8D95-EE88488BB0BA}.Debug|Any CPU.ActiveCfg = Debug|Any CPU
		{189191FE-BD90-4373-8D95-EE88488BB0BA}.Debug|Any CPU.Build.0 = Debug|Any CPU
		{189191FE-BD90-4373-8D95-EE88488BB0BA}.Release|Any CPU.ActiveCfg = Release|Any CPU
		{189191FE-BD90-4373-8D95-EE88488BB0BA}.Release|Any CPU.Build.0 = Release|Any CPU
	EndGlobalSection
	GlobalSection(SolutionProperties) = preSolution
		HideSolutionNode = FALSE
	EndGlobalSection
	GlobalSection(ExtensibilityGlobals) = postSolution
		SolutionGuid = {544891D0-B777-40D3-904F-AD44432E0A0C}
	EndGlobalSection
EndGlobal
