
Microsoft Visual Studio Solution File, Format Version 12.00
# Visual Studio Version 17
VisualStudioVersion = 17.2.32630.192
MinimumVisualStudioVersion = 10.0.40219.1
Project("{9A19103F-16F7-4668-BE54-9A1E7A4F7556}") = "memefunc", "memefunc.csproj", "{755758D5-ADEA-4367-AB7C-04C967C02959}"
EndProject
Project("{9A19103F-16F7-4668-BE54-9A1E7A4F7556}") = "frontend", "..\frontend\frontend.csproj", "{F8AB57FE-8371-499F-9685-5C228353B951}"
EndProject
Global
	GlobalSection(SolutionConfigurationPlatforms) = preSolution
		Debug|Any CPU = Debug|Any CPU
		Release|Any CPU = Release|Any CPU
	EndGlobalSection
	GlobalSection(ProjectConfigurationPlatforms) = postSolution
		{755758D5-ADEA-4367-AB7C-04C967C02959}.Debug|Any CPU.ActiveCfg = Debug|Any CPU
		{755758D5-ADEA-4367-AB7C-04C967C02959}.Debug|Any CPU.Build.0 = Debug|Any CPU
		{755758D5-ADEA-4367-AB7C-04C967C02959}.Release|Any CPU.ActiveCfg = Release|Any CPU
		{755758D5-ADEA-4367-AB7C-04C967C02959}.Release|Any CPU.Build.0 = Release|Any CPU
		{F8AB57FE-8371-499F-9685-5C228353B951}.Debug|Any CPU.ActiveCfg = Debug|Any CPU
		{F8AB57FE-8371-499F-9685-5C228353B951}.Debug|Any CPU.Build.0 = Debug|Any CPU
		{F8AB57FE-8371-499F-9685-5C228353B951}.Release|Any CPU.ActiveCfg = Release|Any CPU
		{F8AB57FE-8371-499F-9685-5C228353B951}.Release|Any CPU.Build.0 = Release|Any CPU
	EndGlobalSection
	GlobalSection(SolutionProperties) = preSolution
		HideSolutionNode = FALSE
	EndGlobalSection
	GlobalSection(ExtensibilityGlobals) = postSolution
		SolutionGuid = {D7CC06D3-0A13-4059-B4E2-BE38FB01E50F}
	EndGlobalSection
EndGlobal
