
Microsoft Visual Studio Solution File, Format Version 12.00
# Visual Studio Version 17
VisualStudioVersion = 17.2.32630.192
MinimumVisualStudioVersion = 10.0.40219.1
Project("{9A19103F-16F7-4668-BE54-9A1E7A4F7556}") = "issues", "issues.csproj", "{2CB50331-DB2E-4D9B-899E-A968D94D3D9F}"
EndProject
Project("{FAE04EC0-301F-11D3-BF4B-00C04F79EFBC}") = "loadgenerator", "..\loadgenerator\loadgenerator.csproj", "{C04C8A22-C385-4C58-A566-232B9F4A33DF}"
EndProject
Global
	GlobalSection(SolutionConfigurationPlatforms) = preSolution
		Debug|Any CPU = Debug|Any CPU
		Release|Any CPU = Release|Any CPU
	EndGlobalSection
	GlobalSection(ProjectConfigurationPlatforms) = postSolution
		{2CB50331-DB2E-4D9B-899E-A968D94D3D9F}.Debug|Any CPU.ActiveCfg = Debug|Any CPU
		{2CB50331-DB2E-4D9B-899E-A968D94D3D9F}.Debug|Any CPU.Build.0 = Debug|Any CPU
		{2CB50331-DB2E-4D9B-899E-A968D94D3D9F}.Release|Any CPU.ActiveCfg = Release|Any CPU
		{2CB50331-DB2E-4D9B-899E-A968D94D3D9F}.Release|Any CPU.Build.0 = Release|Any CPU
		{C04C8A22-C385-4C58-A566-232B9F4A33DF}.Debug|Any CPU.ActiveCfg = Debug|Any CPU
		{C04C8A22-C385-4C58-A566-232B9F4A33DF}.Debug|Any CPU.Build.0 = Debug|Any CPU
		{C04C8A22-C385-4C58-A566-232B9F4A33DF}.Release|Any CPU.ActiveCfg = Release|Any CPU
		{C04C8A22-C385-4C58-A566-232B9F4A33DF}.Release|Any CPU.Build.0 = Release|Any CPU
	EndGlobalSection
	GlobalSection(SolutionProperties) = preSolution
		HideSolutionNode = FALSE
	EndGlobalSection
	GlobalSection(ExtensibilityGlobals) = postSolution
		SolutionGuid = {CDA6EC39-063A-4E98-895D-16C0D3C1CFEF}
	EndGlobalSection
EndGlobal
